
Microsoft Visual Studio Solution File, Format Version 12.00
# Visual Studio Version 16
VisualStudioVersion = 16.0.30114.105
MinimumVisualStudioVersion = 15.0.26124.0
Project("{2150E333-8FDC-42A3-9474-1A3956D46DE8}") = "00 - Connector", "00 - Connector", "{A45112C5-721A-4B42-8513-4B821299DCCC}"
EndProject
Project("{2150E333-8FDC-42A3-9474-1A3956D46DE8}") = "01 - Interface", "01 - Interface", "{669C2A66-997D-45E1-B24F-7D0D2F484B67}"
EndProject
Project("{2150E333-8FDC-42A3-9474-1A3956D46DE8}") = "02 - Application Service", "02 - Application Service", "{B6237098-12EB-49F5-903A-8420BE49A273}"
EndProject
Project("{2150E333-8FDC-42A3-9474-1A3956D46DE8}") = "03 - Domain", "03 - Domain", "{BDAEAAF5-05F5-4CC1-B1DE-5C0FC2935675}"
EndProject
Project("{2150E333-8FDC-42A3-9474-1A3956D46DE8}") = "04 - Infra", "04 - Infra", "{B3396969-6FF2-45FC-AA22-53327C1BFCCC}"
EndProject
Project("{2150E333-8FDC-42A3-9474-1A3956D46DE8}") = "05 - External Services", "05 - External Services", "{D8CC29DF-3616-4618-806C-6621039EC6D6}"
EndProject
Project("{9A19103F-16F7-4668-BE54-9A1E7A4F7556}") = "Make.Magic.Challenge.Connector", "Make.Magic.Challenge.Connector\Make.Magic.Challenge.Connector.csproj", "{7ECBD141-4D13-4601-A1A9-9839151FC159}"
EndProject
Project("{9A19103F-16F7-4668-BE54-9A1E7A4F7556}") = "Make.Magic.Challenge.Messages", "Make.Magic.Challenge.Messages\Make.Magic.Challenge.Messages.csproj", "{D988E688-44C4-4D1E-9C0B-D3D75DBE3E52}"
EndProject
Project("{9A19103F-16F7-4668-BE54-9A1E7A4F7556}") = "Make.Magic.Challenge.Api", "Make.Magic.Challenge.Api\Make.Magic.Challenge.Api.csproj", "{512D9B68-3407-45E2-903E-79B7D5D82C60}"
EndProject
Project("{9A19103F-16F7-4668-BE54-9A1E7A4F7556}") = "Make.Magic.Challenge.ApplicationService", "Make.Magic.Challenge.ApplicationService\Make.Magic.Challenge.ApplicationService.csproj", "{9C7477EE-DE35-418C-B33E-3BA1F1A0E81B}"
EndProject
Project("{9A19103F-16F7-4668-BE54-9A1E7A4F7556}") = "Make.Magic.Challenge.Domain", "Make.Magic.Challenge.Domain\Make.Magic.Challenge.Domain.csproj", "{500E281B-398B-4A8E-B93E-EF8B28674A26}"
EndProject
Project("{9A19103F-16F7-4668-BE54-9A1E7A4F7556}") = "Make.Magic.Challenge.Infra", "Make.Magic.Challenge.Infra\Make.Magic.Challenge.Infra.csproj", "{1302CA43-E72F-4B89-A08D-69B413BF711B}"
EndProject
Project("{9A19103F-16F7-4668-BE54-9A1E7A4F7556}") = "Make.Magic.Challenge.CrossCutting", "Make.Magic.Challenge.CrossCutting\Make.Magic.Challenge.CrossCutting.csproj", "{786E055D-E0B8-4CAF-BCC7-775F673FC884}"
EndProject
Project("{9A19103F-16F7-4668-BE54-9A1E7A4F7556}") = "Make.Magic.Challenge.ExternalServices", "Make.Magic.Challenge.ExternalServices\Make.Magic.Challenge.ExternalServices.csproj", "{340FD504-8AE9-45D8-BFDA-529C1E956F15}"
EndProject
Project("{2150E333-8FDC-42A3-9474-1A3956D46DE8}") = "ApplicationServiceTests", "ApplicationServiceTests", "{EA7132A5-A5E1-4954-8B4C-10E4BE58C221}"
EndProject
Project("{9A19103F-16F7-4668-BE54-9A1E7A4F7556}") = "Make.Magic.Challenge.ApplicationService.Tests", "Make.Magic.Challenge.ApplicationService.Tests\Make.Magic.Challenge.ApplicationService.Tests.csproj", "{69D0211D-C3D1-4E38-B3DE-7433CB5281F0}"
EndProject
Project("{2150E333-8FDC-42A3-9474-1A3956D46DE8}") = "DomainTests", "DomainTests", "{2D372FCA-975F-4B4C-B7FB-5DBFEB911C91}"
EndProject
Project("{9A19103F-16F7-4668-BE54-9A1E7A4F7556}") = "Make.Magic.Challenge.Domain.Tests", "Make.Magic.Challenge.Domain.Tests\Make.Magic.Challenge.Domain.Tests.csproj", "{ECD35331-F3FD-4C95-ADF3-C2792C75EC56}"
EndProject
Project("{FAE04EC0-301F-11D3-BF4B-00C04F79EFBC}") = "Make.Magic.Challenge.SharedKernel", "Make.Magic.Challenge.SharedKernel\Make.Magic.Challenge.SharedKernel.csproj", "{3160826F-CF67-478F-907C-056D1E20FD4F}"
EndProject
Global
	GlobalSection(SolutionConfigurationPlatforms) = preSolution
		Debug|Any CPU = Debug|Any CPU
		Debug|x64 = Debug|x64
		Debug|x86 = Debug|x86
		Release|Any CPU = Release|Any CPU
		Release|x64 = Release|x64
		Release|x86 = Release|x86
	EndGlobalSection
	GlobalSection(ProjectConfigurationPlatforms) = postSolution
		{7ECBD141-4D13-4601-A1A9-9839151FC159}.Debug|Any CPU.ActiveCfg = Debug|Any CPU
		{7ECBD141-4D13-4601-A1A9-9839151FC159}.Debug|Any CPU.Build.0 = Debug|Any CPU
		{7ECBD141-4D13-4601-A1A9-9839151FC159}.Debug|x64.ActiveCfg = Debug|Any CPU
		{7ECBD141-4D13-4601-A1A9-9839151FC159}.Debug|x64.Build.0 = Debug|Any CPU
		{7ECBD141-4D13-4601-A1A9-9839151FC159}.Debug|x86.ActiveCfg = Debug|Any CPU
		{7ECBD141-4D13-4601-A1A9-9839151FC159}.Debug|x86.Build.0 = Debug|Any CPU
		{7ECBD141-4D13-4601-A1A9-9839151FC159}.Release|Any CPU.ActiveCfg = Release|Any CPU
		{7ECBD141-4D13-4601-A1A9-9839151FC159}.Release|Any CPU.Build.0 = Release|Any CPU
		{7ECBD141-4D13-4601-A1A9-9839151FC159}.Release|x64.ActiveCfg = Release|Any CPU
		{7ECBD141-4D13-4601-A1A9-9839151FC159}.Release|x64.Build.0 = Release|Any CPU
		{7ECBD141-4D13-4601-A1A9-9839151FC159}.Release|x86.ActiveCfg = Release|Any CPU
		{7ECBD141-4D13-4601-A1A9-9839151FC159}.Release|x86.Build.0 = Release|Any CPU
		{D988E688-44C4-4D1E-9C0B-D3D75DBE3E52}.Debug|Any CPU.ActiveCfg = Debug|Any CPU
		{D988E688-44C4-4D1E-9C0B-D3D75DBE3E52}.Debug|Any CPU.Build.0 = Debug|Any CPU
		{D988E688-44C4-4D1E-9C0B-D3D75DBE3E52}.Debug|x64.ActiveCfg = Debug|Any CPU
		{D988E688-44C4-4D1E-9C0B-D3D75DBE3E52}.Debug|x64.Build.0 = Debug|Any CPU
		{D988E688-44C4-4D1E-9C0B-D3D75DBE3E52}.Debug|x86.ActiveCfg = Debug|Any CPU
		{D988E688-44C4-4D1E-9C0B-D3D75DBE3E52}.Debug|x86.Build.0 = Debug|Any CPU
		{D988E688-44C4-4D1E-9C0B-D3D75DBE3E52}.Release|Any CPU.ActiveCfg = Release|Any CPU
		{D988E688-44C4-4D1E-9C0B-D3D75DBE3E52}.Release|Any CPU.Build.0 = Release|Any CPU
		{D988E688-44C4-4D1E-9C0B-D3D75DBE3E52}.Release|x64.ActiveCfg = Release|Any CPU
		{D988E688-44C4-4D1E-9C0B-D3D75DBE3E52}.Release|x64.Build.0 = Release|Any CPU
		{D988E688-44C4-4D1E-9C0B-D3D75DBE3E52}.Release|x86.ActiveCfg = Release|Any CPU
		{D988E688-44C4-4D1E-9C0B-D3D75DBE3E52}.Release|x86.Build.0 = Release|Any CPU
		{512D9B68-3407-45E2-903E-79B7D5D82C60}.Debug|Any CPU.ActiveCfg = Debug|Any CPU
		{512D9B68-3407-45E2-903E-79B7D5D82C60}.Debug|Any CPU.Build.0 = Debug|Any CPU
		{512D9B68-3407-45E2-903E-79B7D5D82C60}.Debug|x64.ActiveCfg = Debug|Any CPU
		{512D9B68-3407-45E2-903E-79B7D5D82C60}.Debug|x64.Build.0 = Debug|Any CPU
		{512D9B68-3407-45E2-903E-79B7D5D82C60}.Debug|x86.ActiveCfg = Debug|Any CPU
		{512D9B68-3407-45E2-903E-79B7D5D82C60}.Debug|x86.Build.0 = Debug|Any CPU
		{512D9B68-3407-45E2-903E-79B7D5D82C60}.Release|Any CPU.ActiveCfg = Release|Any CPU
		{512D9B68-3407-45E2-903E-79B7D5D82C60}.Release|Any CPU.Build.0 = Release|Any CPU
		{512D9B68-3407-45E2-903E-79B7D5D82C60}.Release|x64.ActiveCfg = Release|Any CPU
		{512D9B68-3407-45E2-903E-79B7D5D82C60}.Release|x64.Build.0 = Release|Any CPU
		{512D9B68-3407-45E2-903E-79B7D5D82C60}.Release|x86.ActiveCfg = Release|Any CPU
		{512D9B68-3407-45E2-903E-79B7D5D82C60}.Release|x86.Build.0 = Release|Any CPU
		{9C7477EE-DE35-418C-B33E-3BA1F1A0E81B}.Debug|Any CPU.ActiveCfg = Debug|Any CPU
		{9C7477EE-DE35-418C-B33E-3BA1F1A0E81B}.Debug|Any CPU.Build.0 = Debug|Any CPU
		{9C7477EE-DE35-418C-B33E-3BA1F1A0E81B}.Debug|x64.ActiveCfg = Debug|Any CPU
		{9C7477EE-DE35-418C-B33E-3BA1F1A0E81B}.Debug|x64.Build.0 = Debug|Any CPU
		{9C7477EE-DE35-418C-B33E-3BA1F1A0E81B}.Debug|x86.ActiveCfg = Debug|Any CPU
		{9C7477EE-DE35-418C-B33E-3BA1F1A0E81B}.Debug|x86.Build.0 = Debug|Any CPU
		{9C7477EE-DE35-418C-B33E-3BA1F1A0E81B}.Release|Any CPU.ActiveCfg = Release|Any CPU
		{9C7477EE-DE35-418C-B33E-3BA1F1A0E81B}.Release|Any CPU.Build.0 = Release|Any CPU
		{9C7477EE-DE35-418C-B33E-3BA1F1A0E81B}.Release|x64.ActiveCfg = Release|Any CPU
		{9C7477EE-DE35-418C-B33E-3BA1F1A0E81B}.Release|x64.Build.0 = Release|Any CPU
		{9C7477EE-DE35-418C-B33E-3BA1F1A0E81B}.Release|x86.ActiveCfg = Release|Any CPU
		{9C7477EE-DE35-418C-B33E-3BA1F1A0E81B}.Release|x86.Build.0 = Release|Any CPU
		{500E281B-398B-4A8E-B93E-EF8B28674A26}.Debug|Any CPU.ActiveCfg = Debug|Any CPU
		{500E281B-398B-4A8E-B93E-EF8B28674A26}.Debug|Any CPU.Build.0 = Debug|Any CPU
		{500E281B-398B-4A8E-B93E-EF8B28674A26}.Debug|x64.ActiveCfg = Debug|Any CPU
		{500E281B-398B-4A8E-B93E-EF8B28674A26}.Debug|x64.Build.0 = Debug|Any CPU
		{500E281B-398B-4A8E-B93E-EF8B28674A26}.Debug|x86.ActiveCfg = Debug|Any CPU
		{500E281B-398B-4A8E-B93E-EF8B28674A26}.Debug|x86.Build.0 = Debug|Any CPU
		{500E281B-398B-4A8E-B93E-EF8B28674A26}.Release|Any CPU.ActiveCfg = Release|Any CPU
		{500E281B-398B-4A8E-B93E-EF8B28674A26}.Release|Any CPU.Build.0 = Release|Any CPU
		{500E281B-398B-4A8E-B93E-EF8B28674A26}.Release|x64.ActiveCfg = Release|Any CPU
		{500E281B-398B-4A8E-B93E-EF8B28674A26}.Release|x64.Build.0 = Release|Any CPU
		{500E281B-398B-4A8E-B93E-EF8B28674A26}.Release|x86.ActiveCfg = Release|Any CPU
		{500E281B-398B-4A8E-B93E-EF8B28674A26}.Release|x86.Build.0 = Release|Any CPU
		{1302CA43-E72F-4B89-A08D-69B413BF711B}.Debug|Any CPU.ActiveCfg = Debug|Any CPU
		{1302CA43-E72F-4B89-A08D-69B413BF711B}.Debug|Any CPU.Build.0 = Debug|Any CPU
		{1302CA43-E72F-4B89-A08D-69B413BF711B}.Debug|x64.ActiveCfg = Debug|Any CPU
		{1302CA43-E72F-4B89-A08D-69B413BF711B}.Debug|x64.Build.0 = Debug|Any CPU
		{1302CA43-E72F-4B89-A08D-69B413BF711B}.Debug|x86.ActiveCfg = Debug|Any CPU
		{1302CA43-E72F-4B89-A08D-69B413BF711B}.Debug|x86.Build.0 = Debug|Any CPU
		{1302CA43-E72F-4B89-A08D-69B413BF711B}.Release|Any CPU.ActiveCfg = Release|Any CPU
		{1302CA43-E72F-4B89-A08D-69B413BF711B}.Release|Any CPU.Build.0 = Release|Any CPU
		{1302CA43-E72F-4B89-A08D-69B413BF711B}.Release|x64.ActiveCfg = Release|Any CPU
		{1302CA43-E72F-4B89-A08D-69B413BF711B}.Release|x64.Build.0 = Release|Any CPU
		{1302CA43-E72F-4B89-A08D-69B413BF711B}.Release|x86.ActiveCfg = Release|Any CPU
		{1302CA43-E72F-4B89-A08D-69B413BF711B}.Release|x86.Build.0 = Release|Any CPU
		{786E055D-E0B8-4CAF-BCC7-775F673FC884}.Debug|Any CPU.ActiveCfg = Debug|Any CPU
		{786E055D-E0B8-4CAF-BCC7-775F673FC884}.Debug|Any CPU.Build.0 = Debug|Any CPU
		{786E055D-E0B8-4CAF-BCC7-775F673FC884}.Debug|x64.ActiveCfg = Debug|Any CPU
		{786E055D-E0B8-4CAF-BCC7-775F673FC884}.Debug|x64.Build.0 = Debug|Any CPU
		{786E055D-E0B8-4CAF-BCC7-775F673FC884}.Debug|x86.ActiveCfg = Debug|Any CPU
		{786E055D-E0B8-4CAF-BCC7-775F673FC884}.Debug|x86.Build.0 = Debug|Any CPU
		{786E055D-E0B8-4CAF-BCC7-775F673FC884}.Release|Any CPU.ActiveCfg = Release|Any CPU
		{786E055D-E0B8-4CAF-BCC7-775F673FC884}.Release|Any CPU.Build.0 = Release|Any CPU
		{786E055D-E0B8-4CAF-BCC7-775F673FC884}.Release|x64.ActiveCfg = Release|Any CPU
		{786E055D-E0B8-4CAF-BCC7-775F673FC884}.Release|x64.Build.0 = Release|Any CPU
		{786E055D-E0B8-4CAF-BCC7-775F673FC884}.Release|x86.ActiveCfg = Release|Any CPU
		{786E055D-E0B8-4CAF-BCC7-775F673FC884}.Release|x86.Build.0 = Release|Any CPU
		{340FD504-8AE9-45D8-BFDA-529C1E956F15}.Debug|Any CPU.ActiveCfg = Debug|Any CPU
		{340FD504-8AE9-45D8-BFDA-529C1E956F15}.Debug|Any CPU.Build.0 = Debug|Any CPU
		{340FD504-8AE9-45D8-BFDA-529C1E956F15}.Debug|x64.ActiveCfg = Debug|Any CPU
		{340FD504-8AE9-45D8-BFDA-529C1E956F15}.Debug|x64.Build.0 = Debug|Any CPU
		{340FD504-8AE9-45D8-BFDA-529C1E956F15}.Debug|x86.ActiveCfg = Debug|Any CPU
		{340FD504-8AE9-45D8-BFDA-529C1E956F15}.Debug|x86.Build.0 = Debug|Any CPU
		{340FD504-8AE9-45D8-BFDA-529C1E956F15}.Release|Any CPU.ActiveCfg = Release|Any CPU
		{340FD504-8AE9-45D8-BFDA-529C1E956F15}.Release|Any CPU.Build.0 = Release|Any CPU
		{340FD504-8AE9-45D8-BFDA-529C1E956F15}.Release|x64.ActiveCfg = Release|Any CPU
		{340FD504-8AE9-45D8-BFDA-529C1E956F15}.Release|x64.Build.0 = Release|Any CPU
		{340FD504-8AE9-45D8-BFDA-529C1E956F15}.Release|x86.ActiveCfg = Release|Any CPU
		{340FD504-8AE9-45D8-BFDA-529C1E956F15}.Release|x86.Build.0 = Release|Any CPU
		{69D0211D-C3D1-4E38-B3DE-7433CB5281F0}.Debug|Any CPU.ActiveCfg = Debug|Any CPU
		{69D0211D-C3D1-4E38-B3DE-7433CB5281F0}.Debug|Any CPU.Build.0 = Debug|Any CPU
		{69D0211D-C3D1-4E38-B3DE-7433CB5281F0}.Debug|x64.ActiveCfg = Debug|Any CPU
		{69D0211D-C3D1-4E38-B3DE-7433CB5281F0}.Debug|x64.Build.0 = Debug|Any CPU
		{69D0211D-C3D1-4E38-B3DE-7433CB5281F0}.Debug|x86.ActiveCfg = Debug|Any CPU
		{69D0211D-C3D1-4E38-B3DE-7433CB5281F0}.Debug|x86.Build.0 = Debug|Any CPU
		{69D0211D-C3D1-4E38-B3DE-7433CB5281F0}.Release|Any CPU.ActiveCfg = Release|Any CPU
		{69D0211D-C3D1-4E38-B3DE-7433CB5281F0}.Release|Any CPU.Build.0 = Release|Any CPU
		{69D0211D-C3D1-4E38-B3DE-7433CB5281F0}.Release|x64.ActiveCfg = Release|Any CPU
		{69D0211D-C3D1-4E38-B3DE-7433CB5281F0}.Release|x64.Build.0 = Release|Any CPU
		{69D0211D-C3D1-4E38-B3DE-7433CB5281F0}.Release|x86.ActiveCfg = Release|Any CPU
		{69D0211D-C3D1-4E38-B3DE-7433CB5281F0}.Release|x86.Build.0 = Release|Any CPU
		{ECD35331-F3FD-4C95-ADF3-C2792C75EC56}.Debug|Any CPU.ActiveCfg = Debug|Any CPU
		{ECD35331-F3FD-4C95-ADF3-C2792C75EC56}.Debug|Any CPU.Build.0 = Debug|Any CPU
		{ECD35331-F3FD-4C95-ADF3-C2792C75EC56}.Debug|x64.ActiveCfg = Debug|Any CPU
		{ECD35331-F3FD-4C95-ADF3-C2792C75EC56}.Debug|x64.Build.0 = Debug|Any CPU
		{ECD35331-F3FD-4C95-ADF3-C2792C75EC56}.Debug|x86.ActiveCfg = Debug|Any CPU
		{ECD35331-F3FD-4C95-ADF3-C2792C75EC56}.Debug|x86.Build.0 = Debug|Any CPU
		{ECD35331-F3FD-4C95-ADF3-C2792C75EC56}.Release|Any CPU.ActiveCfg = Release|Any CPU
		{ECD35331-F3FD-4C95-ADF3-C2792C75EC56}.Release|Any CPU.Build.0 = Release|Any CPU
		{ECD35331-F3FD-4C95-ADF3-C2792C75EC56}.Release|x64.ActiveCfg = Release|Any CPU
		{ECD35331-F3FD-4C95-ADF3-C2792C75EC56}.Release|x64.Build.0 = Release|Any CPU
		{ECD35331-F3FD-4C95-ADF3-C2792C75EC56}.Release|x86.ActiveCfg = Release|Any CPU
		{ECD35331-F3FD-4C95-ADF3-C2792C75EC56}.Release|x86.Build.0 = Release|Any CPU
		{3160826F-CF67-478F-907C-056D1E20FD4F}.Debug|Any CPU.ActiveCfg = Debug|Any CPU
		{3160826F-CF67-478F-907C-056D1E20FD4F}.Debug|Any CPU.Build.0 = Debug|Any CPU
		{3160826F-CF67-478F-907C-056D1E20FD4F}.Debug|x64.ActiveCfg = Debug|Any CPU
		{3160826F-CF67-478F-907C-056D1E20FD4F}.Debug|x64.Build.0 = Debug|Any CPU
		{3160826F-CF67-478F-907C-056D1E20FD4F}.Debug|x86.ActiveCfg = Debug|Any CPU
		{3160826F-CF67-478F-907C-056D1E20FD4F}.Debug|x86.Build.0 = Debug|Any CPU
		{3160826F-CF67-478F-907C-056D1E20FD4F}.Release|Any CPU.ActiveCfg = Release|Any CPU
		{3160826F-CF67-478F-907C-056D1E20FD4F}.Release|Any CPU.Build.0 = Release|Any CPU
		{3160826F-CF67-478F-907C-056D1E20FD4F}.Release|x64.ActiveCfg = Release|Any CPU
		{3160826F-CF67-478F-907C-056D1E20FD4F}.Release|x64.Build.0 = Release|Any CPU
		{3160826F-CF67-478F-907C-056D1E20FD4F}.Release|x86.ActiveCfg = Release|Any CPU
		{3160826F-CF67-478F-907C-056D1E20FD4F}.Release|x86.Build.0 = Release|Any CPU
	EndGlobalSection
	GlobalSection(SolutionProperties) = preSolution
		HideSolutionNode = FALSE
	EndGlobalSection
	GlobalSection(NestedProjects) = preSolution
		{7ECBD141-4D13-4601-A1A9-9839151FC159} = {A45112C5-721A-4B42-8513-4B821299DCCC}
		{D988E688-44C4-4D1E-9C0B-D3D75DBE3E52} = {A45112C5-721A-4B42-8513-4B821299DCCC}
		{512D9B68-3407-45E2-903E-79B7D5D82C60} = {669C2A66-997D-45E1-B24F-7D0D2F484B67}
		{9C7477EE-DE35-418C-B33E-3BA1F1A0E81B} = {B6237098-12EB-49F5-903A-8420BE49A273}
		{500E281B-398B-4A8E-B93E-EF8B28674A26} = {BDAEAAF5-05F5-4CC1-B1DE-5C0FC2935675}
		{1302CA43-E72F-4B89-A08D-69B413BF711B} = {B3396969-6FF2-45FC-AA22-53327C1BFCCC}
		{786E055D-E0B8-4CAF-BCC7-775F673FC884} = {B3396969-6FF2-45FC-AA22-53327C1BFCCC}
		{340FD504-8AE9-45D8-BFDA-529C1E956F15} = {D8CC29DF-3616-4618-806C-6621039EC6D6}
		{EA7132A5-A5E1-4954-8B4C-10E4BE58C221} = {B6237098-12EB-49F5-903A-8420BE49A273}
		{69D0211D-C3D1-4E38-B3DE-7433CB5281F0} = {EA7132A5-A5E1-4954-8B4C-10E4BE58C221}
		{2D372FCA-975F-4B4C-B7FB-5DBFEB911C91} = {BDAEAAF5-05F5-4CC1-B1DE-5C0FC2935675}
		{ECD35331-F3FD-4C95-ADF3-C2792C75EC56} = {2D372FCA-975F-4B4C-B7FB-5DBFEB911C91}
		{3160826F-CF67-478F-907C-056D1E20FD4F} = {BDAEAAF5-05F5-4CC1-B1DE-5C0FC2935675}
	EndGlobalSection
	GlobalSection(ExtensibilityGlobals) = postSolution
		SolutionGuid = {8FC5BEDA-7FA7-4367-9027-0718AB92C40E}
	EndGlobalSection
EndGlobal
